
Microsoft Visual Studio Solution File, Format Version 12.00
# Visual Studio Version 16
VisualStudioVersion = 16.0.30804.86
MinimumVisualStudioVersion = 10.0.40219.1
Project("{FAE04EC0-301F-11D3-BF4B-00C04F79EFBC}") = "LoanApp", "LoanApp\LoanApp.csproj", "{B04FE5C2-F659-4765-A858-D4728ED87AC2}"
EndProject
Global
	GlobalSection(SolutionConfigurationPlatforms) = preSolution
		Debug|Any CPU = Debug|Any CPU
		Release|Any CPU = Release|Any CPU
	EndGlobalSection
	GlobalSection(ProjectConfigurationPlatforms) = postSolution
		{B04FE5C2-F659-4765-A858-D4728ED87AC2}.Debug|Any CPU.ActiveCfg = Debug|Any CPU
		{B04FE5C2-F659-4765-A858-D4728ED87AC2}.Debug|Any CPU.Build.0 = Debug|Any CPU
		{B04FE5C2-F659-4765-A858-D4728ED87AC2}.Release|Any CPU.ActiveCfg = Release|Any CPU
		{B04FE5C2-F659-4765-A858-D4728ED87AC2}.Release|Any CPU.Build.0 = Release|Any CPU
	EndGlobalSection
	GlobalSection(SolutionProperties) = preSolution
		HideSolutionNode = FALSE
	EndGlobalSection
	GlobalSection(ExtensibilityGlobals) = postSolution
		SolutionGuid = {65B9E15B-0C4E-4B39-BC4A-6116550B8C04}
	EndGlobalSection
EndGlobal
